
Microsoft Visual Studio Solution File, Format Version 12.00
# Visual Studio 15
VisualStudioVersion = 15.0.28010.2019
MinimumVisualStudioVersion = 10.0.40219.1
Project("{8BC9CEB8-8B4A-11D0-8D11-00A0C91BC942}") = "winpmem", "..\VS14\winpmem.vcxproj", "{8BAC86C0-A3EA-4652-92BF-C51C0DF5D86C}"
EndProject
Global
	GlobalSection(SolutionConfigurationPlatforms) = preSolution
		Debug|x64 = Debug|x64
		Debug|x86 = Debug|x86
		Release|x64 = Release|x64
		Release|x86 = Release|x86
	EndGlobalSection
	GlobalSection(ProjectConfigurationPlatforms) = postSolution
		{8BAC86C0-A3EA-4652-92BF-C51C0DF5D86C}.Debug|x64.ActiveCfg = Debug|x64
		{8BAC86C0-A3EA-4652-92BF-C51C0DF5D86C}.Debug|x64.Build.0 = Debug|x64
		{8BAC86C0-A3EA-4652-92BF-C51C0DF5D86C}.Debug|x86.ActiveCfg = Debug|Win32
		{8BAC86C0-A3EA-4652-92BF-C51C0DF5D86C}.Debug|x86.Build.0 = Debug|Win32
		{8BAC86C0-A3EA-4652-92BF-C51C0DF5D86C}.Release|x64.ActiveCfg = Release|x64
		{8BAC86C0-A3EA-4652-92BF-C51C0DF5D86C}.Release|x64.Build.0 = Release|x64
		{8BAC86C0-A3EA-4652-92BF-C51C0DF5D86C}.Release|x86.ActiveCfg = Release|Win32
		{8BAC86C0-A3EA-4652-92BF-C51C0DF5D86C}.Release|x86.Build.0 = Release|Win32
	EndGlobalSection
	GlobalSection(SolutionProperties) = preSolution
		HideSolutionNode = FALSE
	EndGlobalSection
	GlobalSection(ExtensibilityGlobals) = postSolution
		SolutionGuid = {C971EAC6-8E30-4287-A4FF-DEE2A5A2CD97}
	EndGlobalSection
EndGlobal
